
Microsoft Visual Studio Solution File, Format Version 12.00
# Visual Studio Version 16
VisualStudioVersion = 16.0.30523.141
MinimumVisualStudioVersion = 10.0.40219.1
Project("{2150E333-8FDC-42A3-9474-1A3956D46DE8}") = "Presentation", "Presentation", "{8A2E98F5-1594-4C93-B861-3E33B062CF65}"
EndProject
Project("{2150E333-8FDC-42A3-9474-1A3956D46DE8}") = "Domain", "Domain", "{EAE358CA-A86B-4484-8FF6-08053A91D5C1}"
EndProject
Project("{2150E333-8FDC-42A3-9474-1A3956D46DE8}") = "Infrastructure", "Infrastructure", "{EC0BB337-BC73-4921-8E46-CB9F26FB8663}"
EndProject
Project("{2150E333-8FDC-42A3-9474-1A3956D46DE8}") = "Services", "Services", "{61287B02-B94E-4A5C-81B5-4024D3A98502}"
EndProject
Project("{2150E333-8FDC-42A3-9474-1A3956D46DE8}") = "Ordering", "Ordering", "{756255FD-AAB2-498F-AC70-DE484A2E6333}"
EndProject
Project("{9A19103F-16F7-4668-BE54-9A1E7A4F7556}") = "JCP.Ordering.Domain", "Services\Ordering\Domain\JCP.Ordering.Domain\JCP.Ordering.Domain.csproj", "{C961A5FC-1CA9-4183-BD53-8A9FF4BD78AD}"
EndProject
Project("{9A19103F-16F7-4668-BE54-9A1E7A4F7556}") = "JCP.Ordering.API", "Services\Ordering\Presentation\JCP.Ordering.API\JCP.Ordering.API.csproj", "{8E55899A-EA6C-4B23-9F8E-23708B283EAB}"
EndProject
Project("{9A19103F-16F7-4668-BE54-9A1E7A4F7556}") = "JCP.Ordering.Infrastructure", "Services\Ordering\Infrastructure\JCP.Ordering.Infrastructure\JCP.Ordering.Infrastructure.csproj", "{F25F6620-AC96-46DD-B305-AAAF9EAB67D6}"
EndProject
Project("{2150E333-8FDC-42A3-9474-1A3956D46DE8}") = "Catalog", "Catalog", "{5764F50F-8E57-41A7-B80A-5E545B1C71E5}"
EndProject
Project("{9A19103F-16F7-4668-BE54-9A1E7A4F7556}") = "Catalog.API", "Services\Catalog\Catalog.API\Catalog.API.csproj", "{F90FEFE5-53C3-45CD-BBB0-5AC169E72B57}"
EndProject
Global
	GlobalSection(SolutionConfigurationPlatforms) = preSolution
		Debug|Any CPU = Debug|Any CPU
		Release|Any CPU = Release|Any CPU
	EndGlobalSection
	GlobalSection(ProjectConfigurationPlatforms) = postSolution
		{C961A5FC-1CA9-4183-BD53-8A9FF4BD78AD}.Debug|Any CPU.ActiveCfg = Debug|Any CPU
		{C961A5FC-1CA9-4183-BD53-8A9FF4BD78AD}.Debug|Any CPU.Build.0 = Debug|Any CPU
		{C961A5FC-1CA9-4183-BD53-8A9FF4BD78AD}.Release|Any CPU.ActiveCfg = Release|Any CPU
		{C961A5FC-1CA9-4183-BD53-8A9FF4BD78AD}.Release|Any CPU.Build.0 = Release|Any CPU
		{8E55899A-EA6C-4B23-9F8E-23708B283EAB}.Debug|Any CPU.ActiveCfg = Debug|Any CPU
		{8E55899A-EA6C-4B23-9F8E-23708B283EAB}.Debug|Any CPU.Build.0 = Debug|Any CPU
		{8E55899A-EA6C-4B23-9F8E-23708B283EAB}.Release|Any CPU.ActiveCfg = Release|Any CPU
		{8E55899A-EA6C-4B23-9F8E-23708B283EAB}.Release|Any CPU.Build.0 = Release|Any CPU
		{F25F6620-AC96-46DD-B305-AAAF9EAB67D6}.Debug|Any CPU.ActiveCfg = Debug|Any CPU
		{F25F6620-AC96-46DD-B305-AAAF9EAB67D6}.Debug|Any CPU.Build.0 = Debug|Any CPU
		{F25F6620-AC96-46DD-B305-AAAF9EAB67D6}.Release|Any CPU.ActiveCfg = Release|Any CPU
		{F25F6620-AC96-46DD-B305-AAAF9EAB67D6}.Release|Any CPU.Build.0 = Release|Any CPU
		{F90FEFE5-53C3-45CD-BBB0-5AC169E72B57}.Debug|Any CPU.ActiveCfg = Debug|Any CPU
		{F90FEFE5-53C3-45CD-BBB0-5AC169E72B57}.Debug|Any CPU.Build.0 = Debug|Any CPU
		{F90FEFE5-53C3-45CD-BBB0-5AC169E72B57}.Release|Any CPU.ActiveCfg = Release|Any CPU
		{F90FEFE5-53C3-45CD-BBB0-5AC169E72B57}.Release|Any CPU.Build.0 = Release|Any CPU
	EndGlobalSection
	GlobalSection(SolutionProperties) = preSolution
		HideSolutionNode = FALSE
	EndGlobalSection
	GlobalSection(NestedProjects) = preSolution
		{8A2E98F5-1594-4C93-B861-3E33B062CF65} = {756255FD-AAB2-498F-AC70-DE484A2E6333}
		{EAE358CA-A86B-4484-8FF6-08053A91D5C1} = {756255FD-AAB2-498F-AC70-DE484A2E6333}
		{EC0BB337-BC73-4921-8E46-CB9F26FB8663} = {756255FD-AAB2-498F-AC70-DE484A2E6333}
		{756255FD-AAB2-498F-AC70-DE484A2E6333} = {61287B02-B94E-4A5C-81B5-4024D3A98502}
		{C961A5FC-1CA9-4183-BD53-8A9FF4BD78AD} = {EAE358CA-A86B-4484-8FF6-08053A91D5C1}
		{8E55899A-EA6C-4B23-9F8E-23708B283EAB} = {8A2E98F5-1594-4C93-B861-3E33B062CF65}
		{F25F6620-AC96-46DD-B305-AAAF9EAB67D6} = {EC0BB337-BC73-4921-8E46-CB9F26FB8663}
		{5764F50F-8E57-41A7-B80A-5E545B1C71E5} = {61287B02-B94E-4A5C-81B5-4024D3A98502}
		{F90FEFE5-53C3-45CD-BBB0-5AC169E72B57} = {5764F50F-8E57-41A7-B80A-5E545B1C71E5}
	EndGlobalSection
	GlobalSection(ExtensibilityGlobals) = postSolution
		SolutionGuid = {9BC8C1B3-9293-4CF3-AA20-BADD41109775}
	EndGlobalSection
EndGlobal
